lockfileVersion: '9.0'
settings:
  autoInstallPeers: true
  excludeLinksFromLockfile: false
importers:
  .:
    devDependencies:
      '@types/node':
        specifier: ^22.10.7
        version: 22.10.7
      '@typescript-eslint/eslint-plugin':
        specifier: ^8.0.0
        version: 8.0.0(@typescript-eslint/parser@8.0.0)(eslint@9.0.0)(typescript@5.7.2)
      '@typescript-eslint/parser':
        specifier: ^8.0.0
        version: 8.0.0(eslint@9.0.0)(typescript@5.7.2)
      eslint:
        specifier: ^9.0.0
        version: 9.0.0
      prettier:
        specifier: ^3.0.0
        version: 3.0.0
      turbo:
        specifier: ^2.0.0
        version: 2.0.0
      typescript:
        specifier: ^5.7.2
        version: 5.7.2
  apps/church-center:
    dependencies:
      '@next/env':
        specifier: ^15.1.4
        version: 15.1.4
      '@peniel/auth':
        specifier: workspace:*
        version: link:../../packages/auth
      '@peniel/database':
        specifier: workspace:*
        version: link:../../packages/database
      '@peniel/forms':
        specifier: workspace:*
        version: link:../../packages/forms
      '@peniel/notifications':
        specifier: workspace:*
        version: link:../../packages/notifications
      '@peniel/types':
        specifier: workspace:*
        version: link:../../packages/types
      '@peniel/ui':
        specifier: workspace:*
        version: link:../../packages/ui
      '@peniel/utils':
        specifier: workspace:*
        version: link:../../packages/utils
      '@peniel/workflows':
        specifier: workspace:*
        version: link:../../packages/workflows
      framer-motion:
        specifier: ^11.18.2
        version: 11.18.2(react-dom@19.0.0-rc.7)(react@19.0.0-rc.7)
      next:
        specifier: ^15.1.4
        version: 15.1.4(react-dom@19.0.0-rc.7)(react@19.0.0-rc.7)
      react:
        specifier: ^19.0.0
        version: 19.0.0-rc.7
      react-dom:
        specifier: ^19.0.0
        version: 19.0.0-rc.7(react@19.0.0-rc.7)
      react-hook-form:
        specifier: ^7.54.2
        version: 7.54.2(react@19.0.0-rc.7)
      zod:
        specifier: ^3.24.1
        version: 3.24.1
    devDependencies:
      '@types/react':
        specifier: ^19.0.0
        version: 19.0.0
      '@types/react-dom':
        specifier: ^19.0.0
        version: 19.0.0
  apps/website:
    dependencies:
      '@next/env':
        specifier: ^15.1.4
        version: 15.1.4
      '@peniel/auth':
        specifier: workspace:*
        version: link:../../packages/auth
      '@peniel/database':
        specifier: workspace:*
        version: link:../../packages/database
      '@peniel/forms':
        specifier: workspace:*
        version: link:../../packages/forms
      '@peniel/notifications':
        specifier: workspace:*
        version: link:../../packages/notifications
      '@peniel/types':
        specifier: workspace:*
        version: link:../../packages/types
      '@peniel/ui':
        specifier: workspace:*
        version: link:../../packages/ui
      '@peniel/utils':
        specifier: workspace:*
        version: link:../../packages/utils
      '@peniel/workflows':
        specifier: workspace:*
        version: link:../../packages/workflows
      framer-motion:
        specifier: ^11.18.2
        version: 11.18.2(react-dom@19.0.0-rc.7)(react@19.0.0-rc.7)
      next:
        specifier: ^15.1.4
        version: 15.1.4(react-dom@19.0.0-rc.7)(react@19.0.0-rc.7)
      react:
        specifier: ^19.0.0
        version: 19.0.0-rc.7
      react-dom:
        specifier: ^19.0.0
        version: 19.0.0-rc.7(react@19.0.0-rc.7)
      react-hook-form:
        specifier: ^7.54.2
        version: 7.54.2(react@19.0.0-rc.7)
      zod:
        specifier: ^3.24.1
        version: 3.24.1
    devDependencies:
      '@types/react':
        specifier: ^19.0.0
        version: 19.0.0
      '@types/react-dom':
        specifier: ^19.0.0
        version: 19.0.0
  packages/auth:
    devDependencies:
      typescript:
        specifier: ^5.7.2
        version: 5.7.2
  packages/database:
    devDependencies:
      typescript:
        specifier: ^5.7.2
        version: 5.7.2
  packages/forms:
    dependencies:
      react:
        specifier: ^19.0.0
        version: 19.0.0-rc.7
      react-hook-form:
        specifier: ^7.54.2
        version: 7.54.2(react@19.0.0-rc.7)
      zod:
        specifier: ^3.24.1
        version: 3.24.1
    devDependencies:
      typescript:
        specifier: ^5.7.2
        version: 5.7.2
  packages/notifications:
    devDependencies:
      typescript:
        specifier: ^5.7.2
        version: 5.7.2
  packages/types:
    devDependencies:
      typescript:
        specifier: ^5.7.2
        version: 5.7.2
  packages/ui:
    dependencies:
      react:
        specifier: ^19.0.0
        version: 19.0.0-rc.7
      react-dom:
        specifier: ^19.0.0
        version: 19.0.0-rc.7(react@19.0.0-rc.7)
    devDependencies:
      typescript:
        specifier: ^5.7.2
        version: 5.7.2
  packages/utils:
    devDependencies:
      typescript:
        specifier: ^5.7.2
        version: 5.7.2
  packages/workflows:
    devDependencies:
      typescript:
        specifier: ^5.7.2
        version: 5.7.2
packages:
  '@next/env@15.1.4':
    resolution: {integrity: sha512-S0tB/XMM5eXzCp+XmO3BjP7A7DRvD5/lOH/mH2RjVJZpxUhSBjYMtHHTQMw5OzWXvF5SLpEESpXvFZxLKuFrjA==}
  '@peniel/auth':
    resolution: {directory: packages/auth, type: directory}
  '@peniel/database':
    resolution: {directory: packages/database, type: directory}
  '@peniel/forms':
    resolution: {directory: packages/forms, type: directory}
  '@peniel/notifications':
    resolution: {directory: packages/notifications, type: directory}
  '@peniel/types':
    resolution: {directory: packages/types, type: directory}
  '@peniel/ui':
    resolution: {directory: packages/ui, type: directory}
  '@peniel/utils':
    resolution: {directory: packages/utils, type: directory}
  '@peniel/workflows':
    resolution: {directory: packages/workflows, type: directory}
  '@types/node@22.10.7':
    resolution: {integrity: sha512-TOScEf1BbEcehJCR0TsJwFKfSEbPXVGHsVmGl2+LjFv/gzPb2lxXDhQ2ykBIyAr9xM8L5LpZQXNrZRrqPLCRqQ==}
  '@types/react@19.0.0':
    resolution: {integrity: sha512-3hNiUCMxTZ7n7tZCJkLqnc+lWMaS6hEt2l+p4MHCNm2hRSRZLQKp0gw4hJLXy8lFSVCJjZfG6RN8vNYmKFNw==}
  '@types/react-dom@19.0.0':
    resolution: {integrity: sha512-w5xN5mJdXaFvpL/tBdIZlOY+C1jZ4g50x6m5t79yJ+5f4n8v7+tDCYtEPLJWjwvXTh8F9u2P5p/M6xsW0IIYGg==}
  '@typescript-eslint/eslint-plugin@8.0.0':
    resolution: {integrity: sha512-L+fHEVp+mW7FN6L9R+1ZMq+MWwbdqHLSdH2bJTi5bBGT5mHAX7s3MpQZ7gKdQkV5rWB4hLe0k6gEA4MFz2rRyw==}
  '@typescript-eslint/parser@8.0.0':
    resolution: {integrity: sha512-T1pjR3lIJVUk2Rb5u6+3F5qT3s7cOZJmF9l0Bz0tRcZOqNvkD+MdHULqAVTLGqxW8bZDL4gG3CiP7_G2LcUEQ==}
  eslint@9.0.0:
    resolution: {integrity: sha512-UKSqVUJq+NsGJYLWL9+UKkf8nOW9K5g3gNUW8xWb9+1H7K8CpwAEqq9xnDrMl+fvqqQ9y5LyQhqSzJ3p0jIjg==}
  framer-motion@11.18.2:
    resolution: {integrity: sha512-Uj5Px6DUXl48jSbN+bY+NhG/L9/Hd3aXLJ0+M2m2GjXPJ7aBhbM9F5CsV4cGQj0uM9r9jknxCNfXNqo3bWwbQ==}
  next@15.1.4:
    resolution: {integrity: sha512-UWOLIc+UH1ijcH8DT7MFxZiJJ9xKoAKqWGnC7qAqLWzMzJAyb0yNMQVjGCuoY8dDR40pIGrfXWE4U6pDqZRiDg==}
  prettier@3.0.0:
    resolution: {integrity: sha512-L/r/r+g+BKwotBvBRP5KB3BRzd546+q2npa+RSvyc1u+Vm3dJ81Fxym4XP9ANsXN66pydisAm9sSfo0SUa1ZDQ==}
  react@19.0.0-rc.7:
    resolution: {integrity: sha512-7+4Gn/7eCqGHnMT8j1nXFUQfh8vB9mKJYXw8lZL1K8v4U9LSL/cXoR6aXhwKYKhJ6QS8blkJKy/Vr3PnXzV2g==}
  react-dom@19.0.0-rc.7:
    resolution: {integrity: sha512-qxO7Yd3bz6oCv6DPfLz/9GXDK0dJPdEJx4XqKJfJJqfH5pNk9Tf8qrRu8X0z2vKQDn3yPxjBuLOmPcKjgJYxw==}
  react-hook-form@7.54.2:
    resolution: {integrity: sha512-L91bHGS4N3a3Sz7+Kn6j8aBdLVs3YrI8wQ9W4kDVHWgRqkBiT0k9wfMYFxS9YwBqCUhRp/fPNNVwVQVoU3wA8A==}
  turbo@2.0.0:
    resolution: {integrity: sha512-JZWZ5RmJZpyM0yZqe5Q8vVQW3PlCn3O8l8XoVP7e5m5qm5+qrJ5L0VU3E6nnFfXwNnvlKJJi/v0BvLlZGfQ==}
  typescript@5.7.2:
    resolution: {integrity: sha512-i5t66RHxDvVN40HfDd1PsudvVywXuoKlbQrCpo5pjMHObm74vSsT+VRe92UvYcPZn4mWY2B6V60jP/R35gfIGA==}
  zod@3.24.1:
    resolution: {integrity: sha512-muH7gBL9sI1nciMZV67X5ShMSNrW7JlMRwl9RFDN7lqEM9HNrF2ccaNZcHbkQRcG5/o+O2jVzaS7qaTA/tMEQ==}
